
Microsoft Visual Studio Solution File, Format Version 12.00
# Visual Studio Version 17
VisualStudioVersion = 17.4.33110.190
MinimumVisualStudioVersion = 10.0.40219.1
Project("{9A19103F-16F7-4668-BE54-9A1E7A4F7556}") = "XeniaBot.Core", "XeniaBot.Core\XeniaBot.Core.csproj", "{344CF567-9405-4F29-881C-41AC53BF6124}"
EndProject
Project("{9A19103F-16F7-4668-BE54-9A1E7A4F7556}") = "XeniaBot.Shared", "XeniaBot.Shared\XeniaBot.Shared.csproj", "{419905B5-47CD-4B5C-9E74-F92891C94048}"
EndProject
Project("{9A19103F-16F7-4668-BE54-9A1E7A4F7556}") = "XeniaBot.Data", "XeniaBot.Data\XeniaBot.Data.csproj", "{DA272C17-4D64-4601-9954-4B4EEB08D351}"
EndProject
Project("{9A19103F-16F7-4668-BE54-9A1E7A4F7556}") = "XeniaBot.WebPanel", "XeniaBot.WebPanel\XeniaBot.WebPanel.csproj", "{FD058453-C4F3-4733-896A-957E80B49149}"
EndProject
Project("{FAE04EC0-301F-11D3-BF4B-00C04F79EFBC}") = "XeniaBot.DiscordCache", "XeniaBot.DiscordCache\XeniaBot.DiscordCache.csproj", "{02462B63-03D5-45FA-B4ED-456FBC4FA3DA}"
EndProject
Project("{FAE04EC0-301F-11D3-BF4B-00C04F79EFBC}") = "XeniaBot.Logic", "XeniaBot.Logic\XeniaBot.Logic.csproj", "{263ECD3B-4AA0-4741-A013-C1F13F59A551}"
EndProject
Project("{FAE04EC0-301F-11D3-BF4B-00C04F79EFBC}") = "XeniaBot.Moderation", "XeniaBot.Moderation\XeniaBot.Moderation.csproj", "{292B801A-65F6-4D2D-A8D7-4D52853965C8}"
EndProject
Project("{FAE04EC0-301F-11D3-BF4B-00C04F79EFBC}") = "XeniaBot.Data.Moderation", "XeniaBot.Data.Moderation\XeniaBot.Data.Moderation.csproj", "{AA77501A-BB43-4691-BD9E-5112FB02D5FD}"
EndProject
Project("{2150E333-8FDC-42A3-9474-1A3956D46DE8}") = "Moderation", "Moderation", "{9A4352B0-331B-4AF0-AACF-E8A41137FBB4}"
EndProject
Global
	GlobalSection(SolutionConfigurationPlatforms) = preSolution
		Debug|Any CPU = Debug|Any CPU
		Debug|arm64 = Debug|arm64
		Debug|x86 = Debug|x86
		Release|Any CPU = Release|Any CPU
		Release|arm64 = Release|arm64
		Release|x86 = Release|x86
	EndGlobalSection
	GlobalSection(ProjectConfigurationPlatforms) = postSolution
		{344CF567-9405-4F29-881C-41AC53BF6124}.Debug|Any CPU.ActiveCfg = Debug|Any CPU
		{344CF567-9405-4F29-881C-41AC53BF6124}.Debug|Any CPU.Build.0 = Debug|Any CPU
		{344CF567-9405-4F29-881C-41AC53BF6124}.Debug|arm64.ActiveCfg = Debug|Any CPU
		{344CF567-9405-4F29-881C-41AC53BF6124}.Debug|arm64.Build.0 = Debug|Any CPU
		{344CF567-9405-4F29-881C-41AC53BF6124}.Debug|x86.ActiveCfg = Debug|Any CPU
		{344CF567-9405-4F29-881C-41AC53BF6124}.Debug|x86.Build.0 = Debug|Any CPU
		{344CF567-9405-4F29-881C-41AC53BF6124}.Release|Any CPU.ActiveCfg = Release|Any CPU
		{344CF567-9405-4F29-881C-41AC53BF6124}.Release|Any CPU.Build.0 = Release|Any CPU
		{344CF567-9405-4F29-881C-41AC53BF6124}.Release|arm64.ActiveCfg = Release|Any CPU
		{344CF567-9405-4F29-881C-41AC53BF6124}.Release|arm64.Build.0 = Release|Any CPU
		{344CF567-9405-4F29-881C-41AC53BF6124}.Release|x86.ActiveCfg = Release|Any CPU
		{344CF567-9405-4F29-881C-41AC53BF6124}.Release|x86.Build.0 = Release|Any CPU
		{419905B5-47CD-4B5C-9E74-F92891C94048}.Debug|Any CPU.ActiveCfg = Debug|Any CPU
		{419905B5-47CD-4B5C-9E74-F92891C94048}.Debug|Any CPU.Build.0 = Debug|Any CPU
		{419905B5-47CD-4B5C-9E74-F92891C94048}.Debug|arm64.ActiveCfg = Debug|Any CPU
		{419905B5-47CD-4B5C-9E74-F92891C94048}.Debug|arm64.Build.0 = Debug|Any CPU
		{419905B5-47CD-4B5C-9E74-F92891C94048}.Debug|x86.ActiveCfg = Debug|Any CPU
		{419905B5-47CD-4B5C-9E74-F92891C94048}.Debug|x86.Build.0 = Debug|Any CPU
		{419905B5-47CD-4B5C-9E74-F92891C94048}.Release|Any CPU.ActiveCfg = Release|Any CPU
		{419905B5-47CD-4B5C-9E74-F92891C94048}.Release|Any CPU.Build.0 = Release|Any CPU
		{419905B5-47CD-4B5C-9E74-F92891C94048}.Release|arm64.ActiveCfg = Release|Any CPU
		{419905B5-47CD-4B5C-9E74-F92891C94048}.Release|arm64.Build.0 = Release|Any CPU
		{419905B5-47CD-4B5C-9E74-F92891C94048}.Release|x86.ActiveCfg = Release|Any CPU
		{419905B5-47CD-4B5C-9E74-F92891C94048}.Release|x86.Build.0 = Release|Any CPU
		{DA272C17-4D64-4601-9954-4B4EEB08D351}.Debug|Any CPU.ActiveCfg = Debug|Any CPU
		{DA272C17-4D64-4601-9954-4B4EEB08D351}.Debug|Any CPU.Build.0 = Debug|Any CPU
		{DA272C17-4D64-4601-9954-4B4EEB08D351}.Debug|arm64.ActiveCfg = Debug|Any CPU
		{DA272C17-4D64-4601-9954-4B4EEB08D351}.Debug|arm64.Build.0 = Debug|Any CPU
		{DA272C17-4D64-4601-9954-4B4EEB08D351}.Debug|x86.ActiveCfg = Debug|Any CPU
		{DA272C17-4D64-4601-9954-4B4EEB08D351}.Debug|x86.Build.0 = Debug|Any CPU
		{DA272C17-4D64-4601-9954-4B4EEB08D351}.Release|Any CPU.ActiveCfg = Release|Any CPU
		{DA272C17-4D64-4601-9954-4B4EEB08D351}.Release|Any CPU.Build.0 = Release|Any CPU
		{DA272C17-4D64-4601-9954-4B4EEB08D351}.Release|arm64.ActiveCfg = Release|Any CPU
		{DA272C17-4D64-4601-9954-4B4EEB08D351}.Release|arm64.Build.0 = Release|Any CPU
		{DA272C17-4D64-4601-9954-4B4EEB08D351}.Release|x86.ActiveCfg = Release|Any CPU
		{DA272C17-4D64-4601-9954-4B4EEB08D351}.Release|x86.Build.0 = Release|Any CPU
		{FD058453-C4F3-4733-896A-957E80B49149}.Debug|Any CPU.ActiveCfg = Debug|Any CPU
		{FD058453-C4F3-4733-896A-957E80B49149}.Debug|Any CPU.Build.0 = Debug|Any CPU
		{FD058453-C4F3-4733-896A-957E80B49149}.Debug|arm64.ActiveCfg = Debug|Any CPU
		{FD058453-C4F3-4733-896A-957E80B49149}.Debug|arm64.Build.0 = Debug|Any CPU
		{FD058453-C4F3-4733-896A-957E80B49149}.Debug|x86.ActiveCfg = Debug|Any CPU
		{FD058453-C4F3-4733-896A-957E80B49149}.Debug|x86.Build.0 = Debug|Any CPU
		{FD058453-C4F3-4733-896A-957E80B49149}.Release|Any CPU.ActiveCfg = Release|Any CPU
		{FD058453-C4F3-4733-896A-957E80B49149}.Release|Any CPU.Build.0 = Release|Any CPU
		{FD058453-C4F3-4733-896A-957E80B49149}.Release|arm64.ActiveCfg = Release|Any CPU
		{FD058453-C4F3-4733-896A-957E80B49149}.Release|arm64.Build.0 = Release|Any CPU
		{FD058453-C4F3-4733-896A-957E80B49149}.Release|x86.ActiveCfg = Release|Any CPU
		{FD058453-C4F3-4733-896A-957E80B49149}.Release|x86.Build.0 = Release|Any CPU
		{02462B63-03D5-45FA-B4ED-456FBC4FA3DA}.Debug|Any CPU.ActiveCfg = Debug|Any CPU
		{02462B63-03D5-45FA-B4ED-456FBC4FA3DA}.Debug|Any CPU.Build.0 = Debug|Any CPU
		{02462B63-03D5-45FA-B4ED-456FBC4FA3DA}.Debug|arm64.ActiveCfg = Debug|Any CPU
		{02462B63-03D5-45FA-B4ED-456FBC4FA3DA}.Debug|arm64.Build.0 = Debug|Any CPU
		{02462B63-03D5-45FA-B4ED-456FBC4FA3DA}.Debug|x86.ActiveCfg = Debug|Any CPU
		{02462B63-03D5-45FA-B4ED-456FBC4FA3DA}.Debug|x86.Build.0 = Debug|Any CPU
		{02462B63-03D5-45FA-B4ED-456FBC4FA3DA}.Release|Any CPU.ActiveCfg = Release|Any CPU
		{02462B63-03D5-45FA-B4ED-456FBC4FA3DA}.Release|Any CPU.Build.0 = Release|Any CPU
		{02462B63-03D5-45FA-B4ED-456FBC4FA3DA}.Release|arm64.ActiveCfg = Release|Any CPU
		{02462B63-03D5-45FA-B4ED-456FBC4FA3DA}.Release|arm64.Build.0 = Release|Any CPU
		{02462B63-03D5-45FA-B4ED-456FBC4FA3DA}.Release|x86.ActiveCfg = Release|Any CPU
		{02462B63-03D5-45FA-B4ED-456FBC4FA3DA}.Release|x86.Build.0 = Release|Any CPU
		{263ECD3B-4AA0-4741-A013-C1F13F59A551}.Debug|Any CPU.ActiveCfg = Debug|Any CPU
		{263ECD3B-4AA0-4741-A013-C1F13F59A551}.Debug|Any CPU.Build.0 = Debug|Any CPU
		{263ECD3B-4AA0-4741-A013-C1F13F59A551}.Debug|arm64.ActiveCfg = Debug|Any CPU
		{263ECD3B-4AA0-4741-A013-C1F13F59A551}.Debug|arm64.Build.0 = Debug|Any CPU
		{263ECD3B-4AA0-4741-A013-C1F13F59A551}.Debug|x86.ActiveCfg = Debug|Any CPU
		{263ECD3B-4AA0-4741-A013-C1F13F59A551}.Debug|x86.Build.0 = Debug|Any CPU
		{263ECD3B-4AA0-4741-A013-C1F13F59A551}.Release|Any CPU.ActiveCfg = Release|Any CPU
		{263ECD3B-4AA0-4741-A013-C1F13F59A551}.Release|Any CPU.Build.0 = Release|Any CPU
		{263ECD3B-4AA0-4741-A013-C1F13F59A551}.Release|arm64.ActiveCfg = Release|Any CPU
		{263ECD3B-4AA0-4741-A013-C1F13F59A551}.Release|arm64.Build.0 = Release|Any CPU
		{263ECD3B-4AA0-4741-A013-C1F13F59A551}.Release|x86.ActiveCfg = Release|Any CPU
		{263ECD3B-4AA0-4741-A013-C1F13F59A551}.Release|x86.Build.0 = Release|Any CPU
		{292B801A-65F6-4D2D-A8D7-4D52853965C8}.Debug|Any CPU.ActiveCfg = Debug|Any CPU
		{292B801A-65F6-4D2D-A8D7-4D52853965C8}.Debug|Any CPU.Build.0 = Debug|Any CPU
		{292B801A-65F6-4D2D-A8D7-4D52853965C8}.Debug|arm64.ActiveCfg = Debug|Any CPU
		{292B801A-65F6-4D2D-A8D7-4D52853965C8}.Debug|arm64.Build.0 = Debug|Any CPU
		{292B801A-65F6-4D2D-A8D7-4D52853965C8}.Debug|x86.ActiveCfg = Debug|Any CPU
		{292B801A-65F6-4D2D-A8D7-4D52853965C8}.Debug|x86.Build.0 = Debug|Any CPU
		{292B801A-65F6-4D2D-A8D7-4D52853965C8}.Release|Any CPU.ActiveCfg = Release|Any CPU
		{292B801A-65F6-4D2D-A8D7-4D52853965C8}.Release|Any CPU.Build.0 = Release|Any CPU
		{292B801A-65F6-4D2D-A8D7-4D52853965C8}.Release|arm64.ActiveCfg = Release|Any CPU
		{292B801A-65F6-4D2D-A8D7-4D52853965C8}.Release|arm64.Build.0 = Release|Any CPU
		{292B801A-65F6-4D2D-A8D7-4D52853965C8}.Release|x86.ActiveCfg = Release|Any CPU
		{292B801A-65F6-4D2D-A8D7-4D52853965C8}.Release|x86.Build.0 = Release|Any CPU
		{AA77501A-BB43-4691-BD9E-5112FB02D5FD}.Debug|Any CPU.ActiveCfg = Debug|Any CPU
		{AA77501A-BB43-4691-BD9E-5112FB02D5FD}.Debug|Any CPU.Build.0 = Debug|Any CPU
		{AA77501A-BB43-4691-BD9E-5112FB02D5FD}.Debug|arm64.ActiveCfg = Debug|Any CPU
		{AA77501A-BB43-4691-BD9E-5112FB02D5FD}.Debug|arm64.Build.0 = Debug|Any CPU
		{AA77501A-BB43-4691-BD9E-5112FB02D5FD}.Debug|x86.ActiveCfg = Debug|Any CPU
		{AA77501A-BB43-4691-BD9E-5112FB02D5FD}.Debug|x86.Build.0 = Debug|Any CPU
		{AA77501A-BB43-4691-BD9E-5112FB02D5FD}.Release|Any CPU.ActiveCfg = Release|Any CPU
		{AA77501A-BB43-4691-BD9E-5112FB02D5FD}.Release|Any CPU.Build.0 = Release|Any CPU
		{AA77501A-BB43-4691-BD9E-5112FB02D5FD}.Release|arm64.ActiveCfg = Release|Any CPU
		{AA77501A-BB43-4691-BD9E-5112FB02D5FD}.Release|arm64.Build.0 = Release|Any CPU
		{AA77501A-BB43-4691-BD9E-5112FB02D5FD}.Release|x86.ActiveCfg = Release|Any CPU
		{AA77501A-BB43-4691-BD9E-5112FB02D5FD}.Release|x86.Build.0 = Release|Any CPU
	EndGlobalSection
	GlobalSection(SolutionProperties) = preSolution
		HideSolutionNode = FALSE
	EndGlobalSection
	GlobalSection(ExtensibilityGlobals) = postSolution
		SolutionGuid = {8BB48EC1-3F3F-4EEE-A426-ACA07AECE046}
	EndGlobalSection
	GlobalSection(NestedProjects) = preSolution
		{AA77501A-BB43-4691-BD9E-5112FB02D5FD} = {9A4352B0-331B-4AF0-AACF-E8A41137FBB4}
		{292B801A-65F6-4D2D-A8D7-4D52853965C8} = {9A4352B0-331B-4AF0-AACF-E8A41137FBB4}
	EndGlobalSection
EndGlobal
